
Microsoft Visual Studio Solution File, Format Version 12.00
# Visual Studio Version 17
VisualStudioVersion = 17.0.31919.166
MinimumVisualStudioVersion = 10.0.40219.1
Project("{FAE04EC0-301F-11D3-BF4B-00C04F79EFBC}") = "Backend", "Backend\Backend.csproj", "{A98B77AF-E514-4EA2-B78E-B649CA736D36}"
EndProject
Global
	GlobalSection(SolutionConfigurationPlatforms) = preSolution
		Debug|Any CPU = Debug|Any CPU
		Release|Any CPU = Release|Any CPU
	EndGlobalSection
	GlobalSection(ProjectConfigurationPlatforms) = postSolution
		{A98B77AF-E514-4EA2-B78E-B649CA736D36}.Debug|Any CPU.ActiveCfg = Debug|Any CPU
		{A98B77AF-E514-4EA2-B78E-B649CA736D36}.Debug|Any CPU.Build.0 = Debug|Any CPU
		{A98B77AF-E514-4EA2-B78E-B649CA736D36}.Release|Any CPU.ActiveCfg = Release|Any CPU
		{A98B77AF-E514-4EA2-B78E-B649CA736D36}.Release|Any CPU.Build.0 = Release|Any CPU
	EndGlobalSection
	GlobalSection(SolutionProperties) = preSolution
		HideSolutionNode = FALSE
	EndGlobalSection
	GlobalSection(ExtensibilityGlobals) = postSolution
		SolutionGuid = {A6007C3E-758A-4C24-BAFE-7EE78F83D8DA}
	EndGlobalSection
EndGlobal
